# This file is automatically @generated by Poetry 2.1.4 and should not be changed by hand.

[[package]]
name = "click"
version = "8.1.8"
description = "Composable command line interface toolkit"
optional = false
python-versions = ">=3.7"
groups = ["main"]
files = []

[[package]]
name = "fastapi"
version = "0.115.14"
description = "FastAPI framework, high performance, easy to learn, fast to code, ready for production"
optional = false
python-versions = ">=3.8"
groups = ["main"]
files = []

[[package]]
name = "langfuse"
version = "3.0.0"
description = "A client library for accessing langfuse"
optional = false
python-versions = ">=3.9,<4.0"
groups = ["main"]
files = []

[[package]]
name = "loguru"
version = "0.7.3"
description = "Python logging made simple"
optional = false
python-versions = ">=3.5"
groups = ["main"]
files = []

[[package]]
name = "numpy"
version = "2.3.1"
description = "Fundamental package for array computing in Python"
optional = false
python-versions = ">=3.11"
groups = ["main"]
files = []

[[package]]
name = "openai"
version = "1.93.0"
description = "The official Python library for the openai API"
optional = false
python-versions = ">=3.8"
groups = ["main"]
files = []

[[package]]
name = "pydantic"
version = "2.11.7"
description = "Data validation using Python type hints"
optional = false
python-versions = ">=3.9"
groups = ["main"]
files = []

[[package]]
name = "pydantic-settings"
version = "2.10.1"
description = "Settings management using Pydantic"
optional = false
python-versions = ">=3.9"
groups = ["main"]
files = []

[[package]]
name = "pymongo"
version = "4.13.2"
description = "Python driver for MongoDB <http://www.mongodb.org>"
optional = false
python-versions = ">=3.9"
groups = ["main"]
files = []

[[package]]
name = "python-multipart"
version = "0.0.20"
description = "A streaming multipart parser for Python"
optional = false
python-versions = ">=3.8"
groups = ["main"]
files = []

[[package]]
name = "uvicorn"
version = "0.35.0"
description = "The lightning-fast ASGI server."
optional = false
python-versions = ">=3.9"
groups = ["main"]
files = []

[package.extras]
standard = []

[[package]]
name = "pytest"
version = "8.4.1"
description = "pytest: simple powerful testing with Python"
optional = false
python-versions = ">=3.9"
groups = ["dev"]
files = []

[metadata]
lock-version = "2.1"
python-versions = ">=3.12,<4.0"
content-hash = "463cc60931d5a84367d3132a270638d11a2bf2666db0a1d9f4736bd071af26eb"
